
Microsoft Visual Studio Solution File, Format Version 12.00
# Visual Studio Version 17
VisualStudioVersion = 17.4.33213.308
MinimumVisualStudioVersion = 10.0.40219.1
Project("{FAE04EC0-301F-11D3-BF4B-00C04F79EFBC}") = "ATM", "ATM\ATM.csproj", "{0EAE9084-03F9-444F-8099-F1C2F4E1E21F}"
EndProject
Global
	GlobalSection(SolutionConfigurationPlatforms) = preSolution
		Debug|Any CPU = Debug|Any CPU
		Release|Any CPU = Release|Any CPU
	EndGlobalSection
	GlobalSection(ProjectConfigurationPlatforms) = postSolution
		{0EAE9084-03F9-444F-8099-F1C2F4E1E21F}.Debug|Any CPU.ActiveCfg = Debug|Any CPU
		{0EAE9084-03F9-444F-8099-F1C2F4E1E21F}.Debug|Any CPU.Build.0 = Debug|Any CPU
		{0EAE9084-03F9-444F-8099-F1C2F4E1E21F}.Release|Any CPU.ActiveCfg = Release|Any CPU
		{0EAE9084-03F9-444F-8099-F1C2F4E1E21F}.Release|Any CPU.Build.0 = Release|Any CPU
	EndGlobalSection
	GlobalSection(SolutionProperties) = preSolution
		HideSolutionNode = FALSE
	EndGlobalSection
	GlobalSection(ExtensibilityGlobals) = postSolution
		SolutionGuid = {15DB6DFB-5FA1-4C0D-B008-9DDF2C33EAFE}
	EndGlobalSection
EndGlobal
